// !$*UTF8*$!
{
	archiveVersion = 1;
	classes = {
	};
	objectVersion = 55;
	objects = {

/* Begin PBXBuildFile section */
		0BDD49ECF70633D9AB08F7AE /* Pods_WaterReminder.framework in Frameworks */ = {isa = PBXBuildFile; fileRef = 8307BBDEB1FD0455F3CAB1AF /* Pods_WaterReminder.framework */; };
		B7156C722A72F5A3000A7173 /* WeightPickerVC.swift in Sources */ = {isa = PBXBuildFile; fileRef = B7156C712A72F5A3000A7173 /* WeightPickerVC.swift */; };
		B7156C7D2A731045000A7173 /* DatabaseClass.swift in Sources */ = {isa = PBXBuildFile; fileRef = B7156C7C2A731045000A7173 /* DatabaseClass.swift */; };
		BD06D9172A850487002366E9 /* Constants.swift in Sources */ = {isa = PBXBuildFile; fileRef = BD06D9162A850487002366E9 /* Constants.swift */; };
		BD0D9AFD2A77D51C008FE0AF /* HistoryVC.swift in Sources */ = {isa = PBXBuildFile; fileRef = BD0D9AFC2A77D51C008FE0AF /* HistoryVC.swift */; };
		BD0D9AFF2A77D52F008FE0AF /* SettingVC.swift in Sources */ = {isa = PBXBuildFile; fileRef = BD0D9AFE2A77D52F008FE0AF /* SettingVC.swift */; };
		BD1D56E12A7CAFA8000CF6F4 /* DataRecordTableViewCell.swift in Sources */ = {isa = PBXBuildFile; fileRef = BD1D56DF2A7CAFA8000CF6F4 /* DataRecordTableViewCell.swift */; };
		BD1D56E22A7CAFAA000CF6F4 /* DataRecordTableViewCell.xib in Resources */ = {isa = PBXBuildFile; fileRef = BD1D56E02A7CAFA8000CF6F4 /* DataRecordTableViewCell.xib */; };
		BD1D56EC2A7CDF3D000CF6F4 /* HeaderTableView.swift in Sources */ = {isa = PBXBuildFile; fileRef = BD1D56EB2A7CDF3D000CF6F4 /* HeaderTableView.swift */; };
		BD4083072A7244CA0035007D /* AppDelegate.swift in Sources */ = {isa = PBXBuildFile; fileRef = BD4083062A7244CA0035007D /* AppDelegate.swift */; };
		BD4083102A7244CE0035007D /* Assets.xcassets in Resources */ = {isa = PBXBuildFile; fileRef = BD40830F2A7244CE0035007D /* Assets.xcassets */; };
		BD4083132A7244CE0035007D /* LaunchScreen.storyboard in Resources */ = {isa = PBXBuildFile; fileRef = BD4083112A7244CE0035007D /* LaunchScreen.storyboard */; };
		BD40831B2A72484F0035007D /* OnBoardingVC.swift in Sources */ = {isa = PBXBuildFile; fileRef = BD40831A2A72484F0035007D /* OnBoardingVC.swift */; };
		BD40833B2A724CD10035007D /* Fredoka-Medium.ttf in Resources */ = {isa = PBXBuildFile; fileRef = BD4083222A724CCF0035007D /* Fredoka-Medium.ttf */; };
		BD4083532A724D880035007D /* Poppins-Regular.ttf in Resources */ = {isa = PBXBuildFile; fileRef = BD4083522A724D880035007D /* Poppins-Regular.ttf */; };
		BD4083562A724DEE0035007D /* Roboto-Bold.ttf in Resources */ = {isa = PBXBuildFile; fileRef = BD4083542A724DEE0035007D /* Roboto-Bold.ttf */; };
		BD4083572A724DEE0035007D /* Roboto-Medium.ttf in Resources */ = {isa = PBXBuildFile; fileRef = BD4083552A724DEE0035007D /* Roboto-Medium.ttf */; };
		BD40835A2A7264C20035007D /* ButtonExtensions.swift in Sources */ = {isa = PBXBuildFile; fileRef = BD4083592A7264C20035007D /* ButtonExtensions.swift */; };
		BD40835C2A726A1D0035007D /* ChooseGenderVC.swift in Sources */ = {isa = PBXBuildFile; fileRef = BD40835B2A726A1D0035007D /* ChooseGenderVC.swift */; };
		BD4659622A8211E300C898BB /* OnBoarding.storyboard in Resources */ = {isa = PBXBuildFile; fileRef = BD4659612A8211E300C898BB /* OnBoarding.storyboard */; };
		BD4659642A82123200C898BB /* Home.storyboard in Resources */ = {isa = PBXBuildFile; fileRef = BD4659632A82123200C898BB /* Home.storyboard */; };
		BD486DAE2A7799B7000AE648 /* BottleMask.swift in Sources */ = {isa = PBXBuildFile; fileRef = BD486DAD2A7799B7000AE648 /* BottleMask.swift */; };
		BD55D7832A8DD92A00B20B69 /* OnBoardingContract.swift in Sources */ = {isa = PBXBuildFile; fileRef = BD55D77E2A8DD92A00B20B69 /* OnBoardingContract.swift */; };
		BD55D7842A8DD92A00B20B69 /* OnBoardingPresenter.swift in Sources */ = {isa = PBXBuildFile; fileRef = BD55D77F2A8DD92A00B20B69 /* OnBoardingPresenter.swift */; };
		BD55D7852A8DD92A00B20B69 /* OnBoardingRouter.swift in Sources */ = {isa = PBXBuildFile; fileRef = BD55D7802A8DD92A00B20B69 /* OnBoardingRouter.swift */; };
		BD55D7872A8DD92A00B20B69 /* OnBoardingInteractor.swift in Sources */ = {isa = PBXBuildFile; fileRef = BD55D7822A8DD92A00B20B69 /* OnBoardingInteractor.swift */; };
		BD55D7932A8DE3BA00B20B69 /* ChooseGenderContract.swift in Sources */ = {isa = PBXBuildFile; fileRef = BD55D78E2A8DE3BA00B20B69 /* ChooseGenderContract.swift */; };
		BD55D7942A8DE3BA00B20B69 /* ChooseGenderPresenter.swift in Sources */ = {isa = PBXBuildFile; fileRef = BD55D78F2A8DE3BA00B20B69 /* ChooseGenderPresenter.swift */; };
		BD55D7952A8DE3BA00B20B69 /* ChooseGenderRouter.swift in Sources */ = {isa = PBXBuildFile; fileRef = BD55D7902A8DE3BA00B20B69 /* ChooseGenderRouter.swift */; };
		BD55D7972A8DE3BA00B20B69 /* ChooseGenderInteractor.swift in Sources */ = {isa = PBXBuildFile; fileRef = BD55D7922A8DE3BA00B20B69 /* ChooseGenderInteractor.swift */; };
		BD55D7A22A8DFAE800B20B69 /* WeightContract.swift in Sources */ = {isa = PBXBuildFile; fileRef = BD55D79D2A8DFAE800B20B69 /* WeightContract.swift */; };
		BD55D7A32A8DFAE800B20B69 /* WeightPresenter.swift in Sources */ = {isa = PBXBuildFile; fileRef = BD55D79E2A8DFAE800B20B69 /* WeightPresenter.swift */; };
		BD55D7A42A8DFAE800B20B69 /* WeightRouter.swift in Sources */ = {isa = PBXBuildFile; fileRef = BD55D79F2A8DFAE800B20B69 /* WeightRouter.swift */; };
		BD55D7A62A8DFAE800B20B69 /* WeightInteractor.swift in Sources */ = {isa = PBXBuildFile; fileRef = BD55D7A12A8DFAE800B20B69 /* WeightInteractor.swift */; };
		BD55D7BB2A8E26E800B20B69 /* WakeUpContract.swift in Sources */ = {isa = PBXBuildFile; fileRef = BD55D7B62A8E26E700B20B69 /* WakeUpContract.swift */; };
		BD55D7BC2A8E26E800B20B69 /* WakeUpPresenter.swift in Sources */ = {isa = PBXBuildFile; fileRef = BD55D7B72A8E26E800B20B69 /* WakeUpPresenter.swift */; };
		BD55D7BD2A8E26E800B20B69 /* WakeUpRouter.swift in Sources */ = {isa = PBXBuildFile; fileRef = BD55D7B82A8E26E800B20B69 /* WakeUpRouter.swift */; };
		BD55D7BF2A8E26E800B20B69 /* WakeUpInteractor.swift in Sources */ = {isa = PBXBuildFile; fileRef = BD55D7BA2A8E26E800B20B69 /* WakeUpInteractor.swift */; };
		BD55D7CA2A8E36C600B20B69 /* BedContract.swift in Sources */ = {isa = PBXBuildFile; fileRef = BD55D7C52A8E36C600B20B69 /* BedContract.swift */; };
		BD55D7CB2A8E36C600B20B69 /* BedPresenter.swift in Sources */ = {isa = PBXBuildFile; fileRef = BD55D7C62A8E36C600B20B69 /* BedPresenter.swift */; };
		BD55D7CC2A8E36C600B20B69 /* BedRouter.swift in Sources */ = {isa = PBXBuildFile; fileRef = BD55D7C72A8E36C600B20B69 /* BedRouter.swift */; };
		BD55D7CE2A8E36C600B20B69 /* BedInteractor.swift in Sources */ = {isa = PBXBuildFile; fileRef = BD55D7C92A8E36C600B20B69 /* BedInteractor.swift */; };
		BD55D7D92A8E3E7B00B20B69 /* WaterReminderContract.swift in Sources */ = {isa = PBXBuildFile; fileRef = BD55D7D42A8E3E7B00B20B69 /* WaterReminderContract.swift */; };
		BD55D7DA2A8E3E7B00B20B69 /* WaterReminderPresenter.swift in Sources */ = {isa = PBXBuildFile; fileRef = BD55D7D52A8E3E7B00B20B69 /* WaterReminderPresenter.swift */; };
		BD55D7DB2A8E3E7B00B20B69 /* WaterReminderRouter.swift in Sources */ = {isa = PBXBuildFile; fileRef = BD55D7D62A8E3E7B00B20B69 /* WaterReminderRouter.swift */; };
		BD55D7DD2A8E3E7B00B20B69 /* WaterReminderInteractor.swift in Sources */ = {isa = PBXBuildFile; fileRef = BD55D7D82A8E3E7B00B20B69 /* WaterReminderInteractor.swift */; };
		BD6845422A7A1CBD00394F6F /* UserDetails.swift in Sources */ = {isa = PBXBuildFile; fileRef = BD6845412A7A1CBC00394F6F /* UserDetails.swift */; };
		BD72351D2A8F23410021BFFD /* HomeContract.swift in Sources */ = {isa = PBXBuildFile; fileRef = BD7235182A8F23410021BFFD /* HomeContract.swift */; };
		BD72351E2A8F23410021BFFD /* HomePresenter.swift in Sources */ = {isa = PBXBuildFile; fileRef = BD7235192A8F23410021BFFD /* HomePresenter.swift */; };
		BD72351F2A8F23410021BFFD /* HomeRouter.swift in Sources */ = {isa = PBXBuildFile; fileRef = BD72351A2A8F23410021BFFD /* HomeRouter.swift */; };
		BD7235212A8F23410021BFFD /* HomeInteractor.swift in Sources */ = {isa = PBXBuildFile; fileRef = BD72351C2A8F23410021BFFD /* HomeInteractor.swift */; };
		BD7235372A8F460D0021BFFD /* SettingContract.swift in Sources */ = {isa = PBXBuildFile; fileRef = BD7235322A8F460D0021BFFD /* SettingContract.swift */; };
		BD7235382A8F460D0021BFFD /* SettingPresenter.swift in Sources */ = {isa = PBXBuildFile; fileRef = BD7235332A8F460D0021BFFD /* SettingPresenter.swift */; };
		BD7235392A8F460D0021BFFD /* SettingRouter.swift in Sources */ = {isa = PBXBuildFile; fileRef = BD7235342A8F460D0021BFFD /* SettingRouter.swift */; };
		BD72353B2A8F460D0021BFFD /* SettingInteractor.swift in Sources */ = {isa = PBXBuildFile; fileRef = BD7235362A8F460D0021BFFD /* SettingInteractor.swift */; };
		BD7235552A8F66810021BFFD /* HistoryContract.swift in Sources */ = {isa = PBXBuildFile; fileRef = BD7235502A8F66810021BFFD /* HistoryContract.swift */; };
		BD7235562A8F66810021BFFD /* HistoryPresenter.swift in Sources */ = {isa = PBXBuildFile; fileRef = BD7235512A8F66810021BFFD /* HistoryPresenter.swift */; };
		BD7235572A8F66810021BFFD /* HistoryRouter.swift in Sources */ = {isa = PBXBuildFile; fileRef = BD7235522A8F66810021BFFD /* HistoryRouter.swift */; };
		BD7235592A8F66810021BFFD /* HistoryInteractor.swift in Sources */ = {isa = PBXBuildFile; fileRef = BD7235542A8F66810021BFFD /* HistoryInteractor.swift */; };
		BD7235612A8F783B0021BFFD /* UtilityFunctions.swift in Sources */ = {isa = PBXBuildFile; fileRef = BD7235602A8F783B0021BFFD /* UtilityFunctions.swift */; };
		BD9E12F92A7281E900637AEA /* WeightVC.swift in Sources */ = {isa = PBXBuildFile; fileRef = BD9E12F82A7281E900637AEA /* WeightVC.swift */; };
		BD9E12FB2A728CA500637AEA /* WakeUpVC.swift in Sources */ = {isa = PBXBuildFile; fileRef = BD9E12FA2A728CA500637AEA /* WakeUpVC.swift */; };
		BD9E12FD2A72916100637AEA /* BedVC.swift in Sources */ = {isa = PBXBuildFile; fileRef = BD9E12FC2A72916100637AEA /* BedVC.swift */; };
		BD9E12FF2A72940400637AEA /* HomeVC.swift in Sources */ = {isa = PBXBuildFile; fileRef = BD9E12FE2A72940400637AEA /* HomeVC.swift */; };
		BDE7218B2A7E099A00BFC3B3 /* WaterReminderVC.swift in Sources */ = {isa = PBXBuildFile; fileRef = BDE7218A2A7E099A00BFC3B3 /* WaterReminderVC.swift */; };
/* End PBXBuildFile section */

/* Begin PBXFileReference section */
		0C1255777FF620CA6CA5D030 /* Pods-WaterReminder.release.xcconfig */ = {isa = PBXFileReference; includeInIndex = 1; lastKnownFileType = text.xcconfig; name = "Pods-WaterReminder.release.xcconfig"; path = "Target Support Files/Pods-WaterReminder/Pods-WaterReminder.release.xcconfig"; sourceTree = "<group>"; };
		50B1188B2C5746DC13FD5B60 /* Pods-WaterReminder.debug.xcconfig */ = {isa = PBXFileReference; includeInIndex = 1; lastKnownFileType = text.xcconfig; name = "Pods-WaterReminder.debug.xcconfig"; path = "Target Support Files/Pods-WaterReminder/Pods-WaterReminder.debug.xcconfig"; sourceTree = "<group>"; };
		8307BBDEB1FD0455F3CAB1AF /* Pods_WaterReminder.framework */ = {isa = PBXFileReference; explicitFileType = wrapper.framework; includeInIndex = 0; path = Pods_WaterReminder.framework; sourceTree = BUILT_PRODUCTS_DIR; };
		B7156C712A72F5A3000A7173 /* WeightPickerVC.swift */ = {isa = PBXFileReference; lastKnownFileType = sourcecode.swift; path = WeightPickerVC.swift; sourceTree = "<group>"; };
		B7156C7C2A731045000A7173 /* DatabaseClass.swift */ = {isa = PBXFileReference; lastKnownFileType = sourcecode.swift; path = DatabaseClass.swift; sourceTree = "<group>"; wrapsLines = 0; };
		BD06D9162A850487002366E9 /* Constants.swift */ = {isa = PBXFileReference; lastKnownFileType = sourcecode.swift; path = Constants.swift; sourceTree = "<group>"; };
		BD0D9AFC2A77D51C008FE0AF /* HistoryVC.swift */ = {isa = PBXFileReference; lastKnownFileType = sourcecode.swift; path = HistoryVC.swift; sourceTree = "<group>"; };
		BD0D9AFE2A77D52F008FE0AF /* SettingVC.swift */ = {isa = PBXFileReference; lastKnownFileType = sourcecode.swift; path = SettingVC.swift; sourceTree = "<group>"; };
		BD1D56DF2A7CAFA8000CF6F4 /* DataRecordTableViewCell.swift */ = {isa = PBXFileReference; lastKnownFileType = sourcecode.swift; path = DataRecordTableViewCell.swift; sourceTree = "<group>"; };
		BD1D56E02A7CAFA8000CF6F4 /* DataRecordTableViewCell.xib */ = {isa = PBXFileReference; lastKnownFileType = file.xib; path = DataRecordTableViewCell.xib; sourceTree = "<group>"; };
		BD1D56EB2A7CDF3D000CF6F4 /* HeaderTableView.swift */ = {isa = PBXFileReference; lastKnownFileType = sourcecode.swift; path = HeaderTableView.swift; sourceTree = "<group>"; };
		BD4083032A7244CA0035007D /* WaterReminder.app */ = {isa = PBXFileReference; explicitFileType = wrapper.application; includeInIndex = 0; path = WaterReminder.app; sourceTree = BUILT_PRODUCTS_DIR; };
		BD4083062A7244CA0035007D /* AppDelegate.swift */ = {isa = PBXFileReference; lastKnownFileType = sourcecode.swift; path = AppDelegate.swift; sourceTree = "<group>"; };
		BD40830F2A7244CE0035007D /* Assets.xcassets */ = {isa = PBXFileReference; lastKnownFileType = folder.assetcatalog; path = Assets.xcassets; sourceTree = "<group>"; };
		BD4083122A7244CE0035007D /* Base */ = {isa = PBXFileReference; lastKnownFileType = file.storyboard; name = Base; path = Base.lproj/LaunchScreen.storyboard; sourceTree = "<group>"; };
		BD4083142A7244CE0035007D /* Info.plist */ = {isa = PBXFileReference; lastKnownFileType = text.plist.xml; path = Info.plist; sourceTree = "<group>"; };
		BD40831A2A72484F0035007D /* OnBoardingVC.swift */ = {isa = PBXFileReference; lastKnownFileType = sourcecode.swift; path = OnBoardingVC.swift; sourceTree = "<group>"; };
		BD4083222A724CCF0035007D /* Fredoka-Medium.ttf */ = {isa = PBXFileReference; lastKnownFileType = file; path = "Fredoka-Medium.ttf"; sourceTree = "<group>"; };
		BD4083522A724D880035007D /* Poppins-Regular.ttf */ = {isa = PBXFileReference; lastKnownFileType = file; path = "Poppins-Regular.ttf"; sourceTree = "<group>"; };
		BD4083542A724DEE0035007D /* Roboto-Bold.ttf */ = {isa = PBXFileReference; lastKnownFileType = file; path = "Roboto-Bold.ttf"; sourceTree = "<group>"; };
		BD4083552A724DEE0035007D /* Roboto-Medium.ttf */ = {isa = PBXFileReference; lastKnownFileType = file; path = "Roboto-Medium.ttf"; sourceTree = "<group>"; };
		BD4083592A7264C20035007D /* ButtonExtensions.swift */ = {isa = PBXFileReference; lastKnownFileType = sourcecode.swift; path = ButtonExtensions.swift; sourceTree = "<group>"; };
		BD40835B2A726A1D0035007D /* ChooseGenderVC.swift */ = {isa = PBXFileReference; lastKnownFileType = sourcecode.swift; path = ChooseGenderVC.swift; sourceTree = "<group>"; };
		BD4659612A8211E300C898BB /* OnBoarding.storyboard */ = {isa = PBXFileReference; lastKnownFileType = file.storyboard; path = OnBoarding.storyboard; sourceTree = "<group>"; };
		BD4659632A82123200C898BB /* Home.storyboard */ = {isa = PBXFileReference; lastKnownFileType = file.storyboard; path = Home.storyboard; sourceTree = "<group>"; };
		BD486DAD2A7799B7000AE648 /* BottleMask.swift */ = {isa = PBXFileReference; lastKnownFileType = sourcecode.swift; path = BottleMask.swift; sourceTree = "<group>"; };
		BD55D77E2A8DD92A00B20B69 /* OnBoardingContract.swift */ = {isa = PBXFileReference; lastKnownFileType = sourcecode.swift; path = OnBoardingContract.swift; sourceTree = "<group>"; };
		BD55D77F2A8DD92A00B20B69 /* OnBoardingPresenter.swift */ = {isa = PBXFileReference; lastKnownFileType = sourcecode.swift; path = OnBoardingPresenter.swift; sourceTree = "<group>"; };
		BD55D7802A8DD92A00B20B69 /* OnBoardingRouter.swift */ = {isa = PBXFileReference; lastKnownFileType = sourcecode.swift; path = OnBoardingRouter.swift; sourceTree = "<group>"; };
		BD55D7822A8DD92A00B20B69 /* OnBoardingInteractor.swift */ = {isa = PBXFileReference; lastKnownFileType = sourcecode.swift; path = OnBoardingInteractor.swift; sourceTree = "<group>"; };
		BD55D78E2A8DE3BA00B20B69 /* ChooseGenderContract.swift */ = {isa = PBXFileReference; lastKnownFileType = sourcecode.swift; path = ChooseGenderContract.swift; sourceTree = "<group>"; };
		BD55D78F2A8DE3BA00B20B69 /* ChooseGenderPresenter.swift */ = {isa = PBXFileReference; lastKnownFileType = sourcecode.swift; path = ChooseGenderPresenter.swift; sourceTree = "<group>"; };
		BD55D7902A8DE3BA00B20B69 /* ChooseGenderRouter.swift */ = {isa = PBXFileReference; lastKnownFileType = sourcecode.swift; path = ChooseGenderRouter.swift; sourceTree = "<group>"; };
		BD55D7922A8DE3BA00B20B69 /* ChooseGenderInteractor.swift */ = {isa = PBXFileReference; lastKnownFileType = sourcecode.swift; path = ChooseGenderInteractor.swift; sourceTree = "<group>"; };
		BD55D79D2A8DFAE800B20B69 /* WeightContract.swift */ = {isa = PBXFileReference; lastKnownFileType = sourcecode.swift; path = WeightContract.swift; sourceTree = "<group>"; };
		BD55D79E2A8DFAE800B20B69 /* WeightPresenter.swift */ = {isa = PBXFileReference; lastKnownFileType = sourcecode.swift; path = WeightPresenter.swift; sourceTree = "<group>"; };
		BD55D79F2A8DFAE800B20B69 /* WeightRouter.swift */ = {isa = PBXFileReference; lastKnownFileType = sourcecode.swift; path = WeightRouter.swift; sourceTree = "<group>"; };
		BD55D7A12A8DFAE800B20B69 /* WeightInteractor.swift */ = {isa = PBXFileReference; lastKnownFileType = sourcecode.swift; path = WeightInteractor.swift; sourceTree = "<group>"; };
		BD55D7B62A8E26E700B20B69 /* WakeUpContract.swift */ = {isa = PBXFileReference; lastKnownFileType = sourcecode.swift; path = WakeUpContract.swift; sourceTree = "<group>"; };
		BD55D7B72A8E26E800B20B69 /* WakeUpPresenter.swift */ = {isa = PBXFileReference; lastKnownFileType = sourcecode.swift; path = WakeUpPresenter.swift; sourceTree = "<group>"; };
		BD55D7B82A8E26E800B20B69 /* WakeUpRouter.swift */ = {isa = PBXFileReference; lastKnownFileType = sourcecode.swift; path = WakeUpRouter.swift; sourceTree = "<group>"; };
		BD55D7BA2A8E26E800B20B69 /* WakeUpInteractor.swift */ = {isa = PBXFileReference; lastKnownFileType = sourcecode.swift; path = WakeUpInteractor.swift; sourceTree = "<group>"; };
		BD55D7C52A8E36C600B20B69 /* BedContract.swift */ = {isa = PBXFileReference; lastKnownFileType = sourcecode.swift; path = BedContract.swift; sourceTree = "<group>"; };
		BD55D7C62A8E36C600B20B69 /* BedPresenter.swift */ = {isa = PBXFileReference; lastKnownFileType = sourcecode.swift; path = BedPresenter.swift; sourceTree = "<group>"; };
		BD55D7C72A8E36C600B20B69 /* BedRouter.swift */ = {isa = PBXFileReference; lastKnownFileType = sourcecode.swift; path = BedRouter.swift; sourceTree = "<group>"; };
		BD55D7C92A8E36C600B20B69 /* BedInteractor.swift */ = {isa = PBXFileReference; lastKnownFileType = sourcecode.swift; path = BedInteractor.swift; sourceTree = "<group>"; };
		BD55D7D42A8E3E7B00B20B69 /* WaterReminderContract.swift */ = {isa = PBXFileReference; lastKnownFileType = sourcecode.swift; path = WaterReminderContract.swift; sourceTree = "<group>"; };
		BD55D7D52A8E3E7B00B20B69 /* WaterReminderPresenter.swift */ = {isa = PBXFileReference; lastKnownFileType = sourcecode.swift; path = WaterReminderPresenter.swift; sourceTree = "<group>"; };
		BD55D7D62A8E3E7B00B20B69 /* WaterReminderRouter.swift */ = {isa = PBXFileReference; lastKnownFileType = sourcecode.swift; path = WaterReminderRouter.swift; sourceTree = "<group>"; };
		BD55D7D82A8E3E7B00B20B69 /* WaterReminderInteractor.swift */ = {isa = PBXFileReference; lastKnownFileType = sourcecode.swift; path = WaterReminderInteractor.swift; sourceTree = "<group>"; };
		BD6845412A7A1CBC00394F6F /* UserDetails.swift */ = {isa = PBXFileReference; lastKnownFileType = sourcecode.swift; path = UserDetails.swift; sourceTree = "<group>"; };
		BD7235182A8F23410021BFFD /* HomeContract.swift */ = {isa = PBXFileReference; lastKnownFileType = sourcecode.swift; path = HomeContract.swift; sourceTree = "<group>"; };
		BD7235192A8F23410021BFFD /* HomePresenter.swift */ = {isa = PBXFileReference; lastKnownFileType = sourcecode.swift; path = HomePresenter.swift; sourceTree = "<group>"; };
		BD72351A2A8F23410021BFFD /* HomeRouter.swift */ = {isa = PBXFileReference; lastKnownFileType = sourcecode.swift; path = HomeRouter.swift; sourceTree = "<group>"; };
		BD72351C2A8F23410021BFFD /* HomeInteractor.swift */ = {isa = PBXFileReference; lastKnownFileType = sourcecode.swift; path = HomeInteractor.swift; sourceTree = "<group>"; };
		BD7235322A8F460D0021BFFD /* SettingContract.swift */ = {isa = PBXFileReference; lastKnownFileType = sourcecode.swift; path = SettingContract.swift; sourceTree = "<group>"; };
		BD7235332A8F460D0021BFFD /* SettingPresenter.swift */ = {isa = PBXFileReference; lastKnownFileType = sourcecode.swift; path = SettingPresenter.swift; sourceTree = "<group>"; };
		BD7235342A8F460D0021BFFD /* SettingRouter.swift */ = {isa = PBXFileReference; lastKnownFileType = sourcecode.swift; path = SettingRouter.swift; sourceTree = "<group>"; };
		BD7235362A8F460D0021BFFD /* SettingInteractor.swift */ = {isa = PBXFileReference; lastKnownFileType = sourcecode.swift; path = SettingInteractor.swift; sourceTree = "<group>"; };
		BD7235502A8F66810021BFFD /* HistoryContract.swift */ = {isa = PBXFileReference; lastKnownFileType = sourcecode.swift; path = HistoryContract.swift; sourceTree = "<group>"; };
		BD7235512A8F66810021BFFD /* HistoryPresenter.swift */ = {isa = PBXFileReference; lastKnownFileType = sourcecode.swift; path = HistoryPresenter.swift; sourceTree = "<group>"; };
		BD7235522A8F66810021BFFD /* HistoryRouter.swift */ = {isa = PBXFileReference; lastKnownFileType = sourcecode.swift; path = HistoryRouter.swift; sourceTree = "<group>"; };
		BD7235542A8F66810021BFFD /* HistoryInteractor.swift */ = {isa = PBXFileReference; lastKnownFileType = sourcecode.swift; path = HistoryInteractor.swift; sourceTree = "<group>"; };
		BD7235602A8F783B0021BFFD /* UtilityFunctions.swift */ = {isa = PBXFileReference; lastKnownFileType = sourcecode.swift; path = UtilityFunctions.swift; sourceTree = "<group>"; };
		BD9E12F82A7281E900637AEA /* WeightVC.swift */ = {isa = PBXFileReference; lastKnownFileType = sourcecode.swift; path = WeightVC.swift; sourceTree = "<group>"; wrapsLines = 1; };
		BD9E12FA2A728CA500637AEA /* WakeUpVC.swift */ = {isa = PBXFileReference; lastKnownFileType = sourcecode.swift; path = WakeUpVC.swift; sourceTree = "<group>"; };
		BD9E12FC2A72916100637AEA /* BedVC.swift */ = {isa = PBXFileReference; lastKnownFileType = sourcecode.swift; path = BedVC.swift; sourceTree = "<group>"; };
		BD9E12FE2A72940400637AEA /* HomeVC.swift */ = {isa = PBXFileReference; lastKnownFileType = sourcecode.swift; path = HomeVC.swift; sourceTree = "<group>"; };
		BDE7218A2A7E099A00BFC3B3 /* WaterReminderVC.swift */ = {isa = PBXFileReference; lastKnownFileType = sourcecode.swift; path = WaterReminderVC.swift; sourceTree = "<group>"; };
/* End PBXFileReference section */

/* Begin PBXFrameworksBuildPhase section */
		BD4083002A7244CA0035007D /* Frameworks */ = {
			isa = PBXFrameworksBuildPhase;
			buildActionMask = 2147483647;
			files = (
				0BDD49ECF70633D9AB08F7AE /* Pods_WaterReminder.framework in Frameworks */,
			);
			runOnlyForDeploymentPostprocessing = 0;
		};
/* End PBXFrameworksBuildPhase section */

/* Begin PBXGroup section */
		A724F0D9E203817C2E1DD9C7 /* Pods */ = {
			isa = PBXGroup;
			children = (
				50B1188B2C5746DC13FD5B60 /* Pods-WaterReminder.debug.xcconfig */,
				0C1255777FF620CA6CA5D030 /* Pods-WaterReminder.release.xcconfig */,
			);
			path = Pods;
			sourceTree = "<group>";
		};
		BD06D9112A84FC9A002366E9 /* Resources */ = {
			isa = PBXGroup;
			children = (
				BD40831F2A724CB90035007D /* Fonts */,
				BD40830F2A7244CE0035007D /* Assets.xcassets */,
			);
			path = Resources;
			sourceTree = "<group>";
		};
		BD06D9132A84FCD8002366E9 /* Fredoka-Medium */ = {
			isa = PBXGroup;
			children = (
				BD4083222A724CCF0035007D /* Fredoka-Medium.ttf */,
			);
			path = "Fredoka-Medium";
			sourceTree = "<group>";
		};
		BD06D9142A84FCF5002366E9 /* Poppins-Regular */ = {
			isa = PBXGroup;
			children = (
				BD4083522A724D880035007D /* Poppins-Regular.ttf */,
			);
			path = "Poppins-Regular";
			sourceTree = "<group>";
		};
		BD06D9152A84FD04002366E9 /* Roboto */ = {
			isa = PBXGroup;
			children = (
				BD4083542A724DEE0035007D /* Roboto-Bold.ttf */,
				BD4083552A724DEE0035007D /* Roboto-Medium.ttf */,
			);
			path = Roboto;
			sourceTree = "<group>";
		};
		BD06D9182A850500002366E9 /* Constants */ = {
			isa = PBXGroup;
			children = (
				BD06D9162A850487002366E9 /* Constants.swift */,
			);
			path = Constants;
			sourceTree = "<group>";
		};
		BD06D9192A850D99002366E9 /* HeaderTableView */ = {
			isa = PBXGroup;
			children = (
				BD1D56EB2A7CDF3D000CF6F4 /* HeaderTableView.swift */,
			);
			path = HeaderTableView;
			sourceTree = "<group>";
		};
		BD4082FA2A7244CA0035007D = {
			isa = PBXGroup;
			children = (
				BD4083052A7244CA0035007D /* WaterReminder */,
				BD4083042A7244CA0035007D /* Products */,
				A724F0D9E203817C2E1DD9C7 /* Pods */,
				E72AF71F5015F48031849977 /* Frameworks */,
			);
			sourceTree = "<group>";
		};
		BD4083042A7244CA0035007D /* Products */ = {
			isa = PBXGroup;
			children = (
				BD4083032A7244CA0035007D /* WaterReminder.app */,
			);
			name = Products;
			sourceTree = "<group>";
		};
		BD4083052A7244CA0035007D /* WaterReminder */ = {
			isa = PBXGroup;
			children = (
				BD4083062A7244CA0035007D /* AppDelegate.swift */,
				BD40831E2A72490A0035007D /* ViewControllers */,
				BD4659652A8212BC00C898BB /* Views */,
				BD06D9112A84FC9A002366E9 /* Resources */,
				BD4083142A7244CE0035007D /* Info.plist */,
			);
			path = WaterReminder;
			sourceTree = "<group>";
		};
		BD40831E2A72490A0035007D /* ViewControllers */ = {
			isa = PBXGroup;
			children = (
				BD64339B2A7BD5B800B19D60 /* OnBoardingVC */,
				BD64339C2A7BD67100B19D60 /* ChooseGenderVC */,
				BD64339E2A7BD6BC00B19D60 /* WeightPickerVC */,
				BD64339D2A7BD6A500B19D60 /* WeightVC */,
				BD6433A02A7BD6E400B19D60 /* WakeUpVC */,
				BD6433A12A7BD6F100B19D60 /* BedVC */,
				BDE721892A7E097800BFC3B3 /* WaterReminderVC */,
				BD6433A22A7BD70900B19D60 /* HomeVC */,
				BD6433A32A7BD71C00B19D60 /* BottleMaskVC */,
				BD6433A42A7BD73000B19D60 /* HistoryVC */,
				BD6433A52A7BD74000B19D60 /* SettingVC */,
				BD55D7882A8DD9E300B20B69 /* Model */,
				BD4083582A7264710035007D /* UtilityFunctions */,
				BD06D9182A850500002366E9 /* Constants */,
			);
			path = ViewControllers;
			sourceTree = "<group>";
		};
		BD40831F2A724CB90035007D /* Fonts */ = {
			isa = PBXGroup;
			children = (
				BD06D9132A84FCD8002366E9 /* Fredoka-Medium */,
				BD06D9142A84FCF5002366E9 /* Poppins-Regular */,
				BD06D9152A84FD04002366E9 /* Roboto */,
			);
			path = Fonts;
			sourceTree = "<group>";
		};
		BD4083582A7264710035007D /* UtilityFunctions */ = {
			isa = PBXGroup;
			children = (
				BD4083592A7264C20035007D /* ButtonExtensions.swift */,
				BD7235602A8F783B0021BFFD /* UtilityFunctions.swift */,
			);
			path = UtilityFunctions;
			sourceTree = "<group>";
		};
		BD4659652A8212BC00C898BB /* Views */ = {
			isa = PBXGroup;
			children = (
				BD4083112A7244CE0035007D /* LaunchScreen.storyboard */,
				BD4659612A8211E300C898BB /* OnBoarding.storyboard */,
				BD4659632A82123200C898BB /* Home.storyboard */,
			);
			path = Views;
			sourceTree = "<group>";
		};
		BD55D7882A8DD9E300B20B69 /* Model */ = {
			isa = PBXGroup;
			children = (
				B7156C7C2A731045000A7173 /* DatabaseClass.swift */,
				BD6845412A7A1CBC00394F6F /* UserDetails.swift */,
			);
			path = Model;
			sourceTree = "<group>";
		};
		BD55D7892A8DDA5F00B20B69 /* Protocol */ = {
			isa = PBXGroup;
			children = (
				BD55D77E2A8DD92A00B20B69 /* OnBoardingContract.swift */,
			);
			path = Protocol;
			sourceTree = "<group>";
		};
		BD55D78A2A8DDA6600B20B69 /* Presenter */ = {
			isa = PBXGroup;
			children = (
				BD55D77F2A8DD92A00B20B69 /* OnBoardingPresenter.swift */,
			);
			path = Presenter;
			sourceTree = "<group>";
		};
		BD55D78B2A8DDA6E00B20B69 /* Router */ = {
			isa = PBXGroup;
			children = (
				BD55D7802A8DD92A00B20B69 /* OnBoardingRouter.swift */,
			);
			path = Router;
			sourceTree = "<group>";
		};
		BD55D78C2A8DDA7800B20B69 /* Interactor */ = {
			isa = PBXGroup;
			children = (
				BD55D7822A8DD92A00B20B69 /* OnBoardingInteractor.swift */,
			);
			path = Interactor;
			sourceTree = "<group>";
		};
		BD55D78D2A8DDA8A00B20B69 /* View */ = {
			isa = PBXGroup;
			children = (
				BD40831A2A72484F0035007D /* OnBoardingVC.swift */,
			);
			path = View;
			sourceTree = "<group>";
		};
		BD55D7982A8DE3BF00B20B69 /* Protocol */ = {
			isa = PBXGroup;
			children = (
				BD55D78E2A8DE3BA00B20B69 /* ChooseGenderContract.swift */,
			);
			path = Protocol;
			sourceTree = "<group>";
		};
		BD55D7992A8DE3C600B20B69 /* Presenter */ = {
			isa = PBXGroup;
			children = (
				BD55D78F2A8DE3BA00B20B69 /* ChooseGenderPresenter.swift */,
			);
			path = Presenter;
			sourceTree = "<group>";
		};
		BD55D79A2A8DE3CD00B20B69 /* Router */ = {
			isa = PBXGroup;
			children = (
				BD55D7902A8DE3BA00B20B69 /* ChooseGenderRouter.swift */,
			);
			path = Router;
			sourceTree = "<group>";
		};
		BD55D79B2A8DE3D500B20B69 /* View */ = {
			isa = PBXGroup;
			children = (
				BD40835B2A726A1D0035007D /* ChooseGenderVC.swift */,
			);
			path = View;
			sourceTree = "<group>";
		};
		BD55D79C2A8DE3DC00B20B69 /* Interactor */ = {
			isa = PBXGroup;
			children = (
				BD55D7922A8DE3BA00B20B69 /* ChooseGenderInteractor.swift */,
			);
			path = Interactor;
			sourceTree = "<group>";
		};
		BD55D7A72A8DFB2B00B20B69 /* Protocol */ = {
			isa = PBXGroup;
			children = (
				BD55D79D2A8DFAE800B20B69 /* WeightContract.swift */,
			);
			path = Protocol;
			sourceTree = "<group>";
		};
		BD55D7A82A8DFB3200B20B69 /* Presenter */ = {
			isa = PBXGroup;
			children = (
				BD55D79E2A8DFAE800B20B69 /* WeightPresenter.swift */,
			);
			path = Presenter;
			sourceTree = "<group>";
		};
		BD55D7A92A8DFB3E00B20B69 /* Router */ = {
			isa = PBXGroup;
			children = (
				BD55D79F2A8DFAE800B20B69 /* WeightRouter.swift */,
			);
			path = Router;
			sourceTree = "<group>";
		};
		BD55D7AA2A8DFB4500B20B69 /* View */ = {
			isa = PBXGroup;
			children = (
				BD9E12F82A7281E900637AEA /* WeightVC.swift */,
			);
			path = View;
			sourceTree = "<group>";
		};
		BD55D7AB2A8DFB4C00B20B69 /* Interactor */ = {
			isa = PBXGroup;
			children = (
				BD55D7A12A8DFAE800B20B69 /* WeightInteractor.swift */,
			);
			path = Interactor;
			sourceTree = "<group>";
		};
		BD55D7C02A8E26F600B20B69 /* View */ = {
			isa = PBXGroup;
			children = (
				BD9E12FA2A728CA500637AEA /* WakeUpVC.swift */,
			);
			path = View;
			sourceTree = "<group>";
		};
		BD55D7C12A8E26FE00B20B69 /* Protocol */ = {
			isa = PBXGroup;
			children = (
				BD55D7B62A8E26E700B20B69 /* WakeUpContract.swift */,
			);
			path = Protocol;
			sourceTree = "<group>";
		};
		BD55D7C22A8E270500B20B69 /* Presenter */ = {
			isa = PBXGroup;
			children = (
				BD55D7B72A8E26E800B20B69 /* WakeUpPresenter.swift */,
			);
			path = Presenter;
			sourceTree = "<group>";
		};
		BD55D7C32A8E270E00B20B69 /* Router */ = {
			isa = PBXGroup;
			children = (
				BD55D7B82A8E26E800B20B69 /* WakeUpRouter.swift */,
			);
			path = Router;
			sourceTree = "<group>";
		};
		BD55D7C42A8E271500B20B69 /* Interactor */ = {
			isa = PBXGroup;
			children = (
				BD55D7BA2A8E26E800B20B69 /* WakeUpInteractor.swift */,
			);
			path = Interactor;
			sourceTree = "<group>";
		};
		BD55D7CF2A8E36CA00B20B69 /* View */ = {
			isa = PBXGroup;
			children = (
				BD9E12FC2A72916100637AEA /* BedVC.swift */,
			);
			path = View;
			sourceTree = "<group>";
		};
		BD55D7D02A8E36D100B20B69 /* Protocol */ = {
			isa = PBXGroup;
			children = (
				BD55D7C52A8E36C600B20B69 /* BedContract.swift */,
			);
			path = Protocol;
			sourceTree = "<group>";
		};
		BD55D7D12A8E36DA00B20B69 /* Presenter */ = {
			isa = PBXGroup;
			children = (
				BD55D7C62A8E36C600B20B69 /* BedPresenter.swift */,
			);
			path = Presenter;
			sourceTree = "<group>";
		};
		BD55D7D22A8E36E100B20B69 /* Router */ = {
			isa = PBXGroup;
			children = (
				BD55D7C72A8E36C600B20B69 /* BedRouter.swift */,
			);
			path = Router;
			sourceTree = "<group>";
		};
		BD55D7D32A8E36EA00B20B69 /* Interactor */ = {
			isa = PBXGroup;
			children = (
				BD55D7C92A8E36C600B20B69 /* BedInteractor.swift */,
			);
			path = Interactor;
			sourceTree = "<group>";
		};
		BD55D7DE2A8E3E8000B20B69 /* View */ = {
			isa = PBXGroup;
			children = (
				BDE7218A2A7E099A00BFC3B3 /* WaterReminderVC.swift */,
			);
			path = View;
			sourceTree = "<group>";
		};
		BD55D7DF2A8E3E8600B20B69 /* Protocol */ = {
			isa = PBXGroup;
			children = (
				BD55D7D42A8E3E7B00B20B69 /* WaterReminderContract.swift */,
			);
			path = Protocol;
			sourceTree = "<group>";
		};
		BD55D7E02A8E3E8D00B20B69 /* Presenter */ = {
			isa = PBXGroup;
			children = (
				BD55D7D52A8E3E7B00B20B69 /* WaterReminderPresenter.swift */,
			);
			path = Presenter;
			sourceTree = "<group>";
		};
		BD55D7E12A8E3E9400B20B69 /* Router */ = {
			isa = PBXGroup;
			children = (
				BD55D7D62A8E3E7B00B20B69 /* WaterReminderRouter.swift */,
			);
			path = Router;
			sourceTree = "<group>";
		};
		BD55D7E22A8E3E9E00B20B69 /* Interactor */ = {
			isa = PBXGroup;
			children = (
				BD55D7D82A8E3E7B00B20B69 /* WaterReminderInteractor.swift */,
			);
			path = Interactor;
			sourceTree = "<group>";
		};
		BD64339B2A7BD5B800B19D60 /* OnBoardingVC */ = {
			isa = PBXGroup;
			children = (
				BD55D7892A8DDA5F00B20B69 /* Protocol */,
				BD55D78A2A8DDA6600B20B69 /* Presenter */,
				BD55D78B2A8DDA6E00B20B69 /* Router */,
				BD55D78D2A8DDA8A00B20B69 /* View */,
				BD55D78C2A8DDA7800B20B69 /* Interactor */,
			);
			path = OnBoardingVC;
			sourceTree = "<group>";
		};
		BD64339C2A7BD67100B19D60 /* ChooseGenderVC */ = {
			isa = PBXGroup;
			children = (
				BD55D7982A8DE3BF00B20B69 /* Protocol */,
				BD55D7992A8DE3C600B20B69 /* Presenter */,
				BD55D79A2A8DE3CD00B20B69 /* Router */,
				BD55D79B2A8DE3D500B20B69 /* View */,
				BD55D79C2A8DE3DC00B20B69 /* Interactor */,
			);
			path = ChooseGenderVC;
			sourceTree = "<group>";
		};
		BD64339D2A7BD6A500B19D60 /* WeightVC */ = {
			isa = PBXGroup;
			children = (
				BD55D7A72A8DFB2B00B20B69 /* Protocol */,
				BD55D7A82A8DFB3200B20B69 /* Presenter */,
				BD55D7A92A8DFB3E00B20B69 /* Router */,
				BD55D7AA2A8DFB4500B20B69 /* View */,
				BD55D7AB2A8DFB4C00B20B69 /* Interactor */,
			);
			path = WeightVC;
			sourceTree = "<group>";
		};
		BD64339E2A7BD6BC00B19D60 /* WeightPickerVC */ = {
			isa = PBXGroup;
			children = (
				B7156C712A72F5A3000A7173 /* WeightPickerVC.swift */,
			);
			path = WeightPickerVC;
			sourceTree = "<group>";
		};
		BD6433A02A7BD6E400B19D60 /* WakeUpVC */ = {
			isa = PBXGroup;
			children = (
				BD55D7C02A8E26F600B20B69 /* View */,
				BD55D7C12A8E26FE00B20B69 /* Protocol */,
				BD55D7C22A8E270500B20B69 /* Presenter */,
				BD55D7C32A8E270E00B20B69 /* Router */,
				BD55D7C42A8E271500B20B69 /* Interactor */,
			);
			path = WakeUpVC;
			sourceTree = "<group>";
		};
		BD6433A12A7BD6F100B19D60 /* BedVC */ = {
			isa = PBXGroup;
			children = (
				BD55D7CF2A8E36CA00B20B69 /* View */,
				BD55D7D02A8E36D100B20B69 /* Protocol */,
				BD55D7D12A8E36DA00B20B69 /* Presenter */,
				BD55D7D22A8E36E100B20B69 /* Router */,
				BD55D7D32A8E36EA00B20B69 /* Interactor */,
			);
			path = BedVC;
			sourceTree = "<group>";
		};
		BD6433A22A7BD70900B19D60 /* HomeVC */ = {
			isa = PBXGroup;
			children = (
				BD7235222A8F23460021BFFD /* View */,
				BD7235232A8F234D0021BFFD /* Protocol */,
				BD7235242A8F23540021BFFD /* Presenter */,
				BD7235252A8F235C0021BFFD /* Router */,
				BD7235262A8F23640021BFFD /* Interactor */,
			);
			path = HomeVC;
			sourceTree = "<group>";
		};
		BD6433A32A7BD71C00B19D60 /* BottleMaskVC */ = {
			isa = PBXGroup;
			children = (
				BD486DAD2A7799B7000AE648 /* BottleMask.swift */,
			);
			path = BottleMaskVC;
			sourceTree = "<group>";
		};
		BD6433A42A7BD73000B19D60 /* HistoryVC */ = {
			isa = PBXGroup;
			children = (
				BD6433A82A7BD78300B19D60 /* DataRecordTableViewCell */,
				BD72354B2A8F65510021BFFD /* View */,
				BD72355A2A8F66A70021BFFD /* Protocol */,
				BD72355B2A8F66AE0021BFFD /* Presenter */,
				BD72355C2A8F66B50021BFFD /* Router */,
				BD72355D2A8F66BF0021BFFD /* Interactor */,
			);
			path = HistoryVC;
			sourceTree = "<group>";
		};
		BD6433A52A7BD74000B19D60 /* SettingVC */ = {
			isa = PBXGroup;
			children = (
				BD72353C2A8F463D0021BFFD /* View */,
				BD72353D2A8F46430021BFFD /* Protocol */,
				BD72353E2A8F464B0021BFFD /* Presenter */,
				BD72353F2A8F46530021BFFD /* Router */,
				BD7235402A8F46580021BFFD /* Interactor */,
			);
			path = SettingVC;
			sourceTree = "<group>";
		};
		BD6433A82A7BD78300B19D60 /* DataRecordTableViewCell */ = {
			isa = PBXGroup;
			children = (
				BD06D9192A850D99002366E9 /* HeaderTableView */,
				BD1D56DF2A7CAFA8000CF6F4 /* DataRecordTableViewCell.swift */,
				BD1D56E02A7CAFA8000CF6F4 /* DataRecordTableViewCell.xib */,
			);
			path = DataRecordTableViewCell;
			sourceTree = "<group>";
		};
		BD7235222A8F23460021BFFD /* View */ = {
			isa = PBXGroup;
			children = (
				BD9E12FE2A72940400637AEA /* HomeVC.swift */,
			);
			path = View;
			sourceTree = "<group>";
		};
		BD7235232A8F234D0021BFFD /* Protocol */ = {
			isa = PBXGroup;
			children = (
				BD7235182A8F23410021BFFD /* HomeContract.swift */,
			);
			path = Protocol;
			sourceTree = "<group>";
		};
		BD7235242A8F23540021BFFD /* Presenter */ = {
			isa = PBXGroup;
			children = (
				BD7235192A8F23410021BFFD /* HomePresenter.swift */,
			);
			path = Presenter;
			sourceTree = "<group>";
		};
		BD7235252A8F235C0021BFFD /* Router */ = {
			isa = PBXGroup;
			children = (
				BD72351A2A8F23410021BFFD /* HomeRouter.swift */,
			);
			path = Router;
			sourceTree = "<group>";
		};
		BD7235262A8F23640021BFFD /* Interactor */ = {
			isa = PBXGroup;
			children = (
				BD72351C2A8F23410021BFFD /* HomeInteractor.swift */,
			);
			path = Interactor;
			sourceTree = "<group>";
		};
		BD72353C2A8F463D0021BFFD /* View */ = {
			isa = PBXGroup;
			children = (
				BD0D9AFE2A77D52F008FE0AF /* SettingVC.swift */,
			);
			path = View;
			sourceTree = "<group>";
		};
		BD72353D2A8F46430021BFFD /* Protocol */ = {
			isa = PBXGroup;
			children = (
				BD7235322A8F460D0021BFFD /* SettingContract.swift */,
			);
			path = Protocol;
			sourceTree = "<group>";
		};
		BD72353E2A8F464B0021BFFD /* Presenter */ = {
			isa = PBXGroup;
			children = (
				BD7235332A8F460D0021BFFD /* SettingPresenter.swift */,
			);
			path = Presenter;
			sourceTree = "<group>";
		};
		BD72353F2A8F46530021BFFD /* Router */ = {
			isa = PBXGroup;
			children = (
				BD7235342A8F460D0021BFFD /* SettingRouter.swift */,
			);
			path = Router;
			sourceTree = "<group>";
		};
		BD7235402A8F46580021BFFD /* Interactor */ = {
			isa = PBXGroup;
			children = (
				BD7235362A8F460D0021BFFD /* SettingInteractor.swift */,
			);
			path = Interactor;
			sourceTree = "<group>";
		};
		BD72354B2A8F65510021BFFD /* View */ = {
			isa = PBXGroup;
			children = (
				BD0D9AFC2A77D51C008FE0AF /* HistoryVC.swift */,
			);
			path = View;
			sourceTree = "<group>";
		};
		BD72355A2A8F66A70021BFFD /* Protocol */ = {
			isa = PBXGroup;
			children = (
				BD7235502A8F66810021BFFD /* HistoryContract.swift */,
			);
			path = Protocol;
			sourceTree = "<group>";
		};
		BD72355B2A8F66AE0021BFFD /* Presenter */ = {
			isa = PBXGroup;
			children = (
				BD7235512A8F66810021BFFD /* HistoryPresenter.swift */,
			);
			path = Presenter;
			sourceTree = "<group>";
		};
		BD72355C2A8F66B50021BFFD /* Router */ = {
			isa = PBXGroup;
			children = (
				BD7235522A8F66810021BFFD /* HistoryRouter.swift */,
			);
			path = Router;
			sourceTree = "<group>";
		};
		BD72355D2A8F66BF0021BFFD /* Interactor */ = {
			isa = PBXGroup;
			children = (
				BD7235542A8F66810021BFFD /* HistoryInteractor.swift */,
			);
			path = Interactor;
			sourceTree = "<group>";
		};
		BDE721892A7E097800BFC3B3 /* WaterReminderVC */ = {
			isa = PBXGroup;
			children = (
				BD55D7DE2A8E3E8000B20B69 /* View */,
				BD55D7DF2A8E3E8600B20B69 /* Protocol */,
				BD55D7E02A8E3E8D00B20B69 /* Presenter */,
				BD55D7E12A8E3E9400B20B69 /* Router */,
				BD55D7E22A8E3E9E00B20B69 /* Interactor */,
			);
			path = WaterReminderVC;
			sourceTree = "<group>";
		};
		E72AF71F5015F48031849977 /* Frameworks */ = {
			isa = PBXGroup;
			children = (
				8307BBDEB1FD0455F3CAB1AF /* Pods_WaterReminder.framework */,
			);
			name = Frameworks;
			sourceTree = "<group>";
		};
/* End PBXGroup section */

/* Begin PBXNativeTarget section */
		BD4083022A7244CA0035007D /* WaterReminder */ = {
			isa = PBXNativeTarget;
			buildConfigurationList = BD4083172A7244CE0035007D /* Build configuration list for PBXNativeTarget "WaterReminder" */;
			buildPhases = (
				3BED70E690FF3D32A4AF7B37 /* [CP] Check Pods Manifest.lock */,
				BD4082FF2A7244CA0035007D /* Sources */,
				BD4083002A7244CA0035007D /* Frameworks */,
				BD4083012A7244CA0035007D /* Resources */,
				0EB01147A99B0E71B8D60616 /* [CP] Embed Pods Frameworks */,
			);
			buildRules = (
			);
			dependencies = (
			);
			name = WaterReminder;
			productName = WaterReminder;
			productReference = BD4083032A7244CA0035007D /* WaterReminder.app */;
			productType = "com.apple.product-type.application";
		};
/* End PBXNativeTarget section */

/* Begin PBXProject section */
		BD4082FB2A7244CA0035007D /* Project object */ = {
			isa = PBXProject;
			attributes = {
				BuildIndependentTargetsInParallel = 1;
				LastSwiftUpdateCheck = 1320;
				LastUpgradeCheck = 1320;
				TargetAttributes = {
					BD4083022A7244CA0035007D = {
						CreatedOnToolsVersion = 13.2.1;
					};
				};
			};
			buildConfigurationList = BD4082FE2A7244CA0035007D /* Build configuration list for PBXProject "WaterReminder" */;
			compatibilityVersion = "Xcode 13.0";
			developmentRegion = en;
			hasScannedForEncodings = 0;
			knownRegions = (
				en,
				Base,
			);
			mainGroup = BD4082FA2A7244CA0035007D;
			productRefGroup = BD4083042A7244CA0035007D /* Products */;
			projectDirPath = "";
			projectRoot = "";
			targets = (
				BD4083022A7244CA0035007D /* WaterReminder */,
			);
		};
/* End PBXProject section */

/* Begin PBXResourcesBuildPhase section */
		BD4083012A7244CA0035007D /* Resources */ = {
			isa = PBXResourcesBuildPhase;
			buildActionMask = 2147483647;
			files = (
				BD1D56E22A7CAFAA000CF6F4 /* DataRecordTableViewCell.xib in Resources */,
				BD4659642A82123200C898BB /* Home.storyboard in Resources */,
				BD4083132A7244CE0035007D /* LaunchScreen.storyboard in Resources */,
				BD4083562A724DEE0035007D /* Roboto-Bold.ttf in Resources */,
				BD4083572A724DEE0035007D /* Roboto-Medium.ttf in Resources */,
				BD40833B2A724CD10035007D /* Fredoka-Medium.ttf in Resources */,
				BD4083102A7244CE0035007D /* Assets.xcassets in Resources */,
				BD4083532A724D880035007D /* Poppins-Regular.ttf in Resources */,
				BD4659622A8211E300C898BB /* OnBoarding.storyboard in Resources */,
			);
			runOnlyForDeploymentPostprocessing = 0;
		};
/* End PBXResourcesBuildPhase section */

/* Begin PBXShellScriptBuildPhase section */
		0EB01147A99B0E71B8D60616 /* [CP] Embed Pods Frameworks */ = {
			isa = PBXShellScriptBuildPhase;
			buildActionMask = 2147483647;
			files = (
			);
			inputFileListPaths = (
				"${PODS_ROOT}/Target Support Files/Pods-WaterReminder/Pods-WaterReminder-frameworks-${CONFIGURATION}-input-files.xcfilelist",
			);
			name = "[CP] Embed Pods Frameworks";
			outputFileListPaths = (
				"${PODS_ROOT}/Target Support Files/Pods-WaterReminder/Pods-WaterReminder-frameworks-${CONFIGURATION}-output-files.xcfilelist",
			);
			runOnlyForDeploymentPostprocessing = 0;
			shellPath = /bin/sh;
			shellScript = "\"${PODS_ROOT}/Target Support Files/Pods-WaterReminder/Pods-WaterReminder-frameworks.sh\"\n";
			showEnvVarsInLog = 0;
		};
		3BED70E690FF3D32A4AF7B37 /* [CP] Check Pods Manifest.lock */ = {
			isa = PBXShellScriptBuildPhase;
			buildActionMask = 2147483647;
			files = (
			);
			inputFileListPaths = (
			);
			inputPaths = (
				"${PODS_PODFILE_DIR_PATH}/Podfile.lock",
				"${PODS_ROOT}/Manifest.lock",
			);
			name = "[CP] Check Pods Manifest.lock";
			outputFileListPaths = (
			);
			outputPaths = (
				"$(DERIVED_FILE_DIR)/Pods-WaterReminder-checkManifestLockResult.txt",
			);
			runOnlyForDeploymentPostprocessing = 0;
			shellPath = /bin/sh;
			shellScript = "diff \"${PODS_PODFILE_DIR_PATH}/Podfile.lock\" \"${PODS_ROOT}/Manifest.lock\" > /dev/null\nif [ $? != 0 ] ; then\n    # print error to STDERR\n    echo \"error: The sandbox is not in sync with the Podfile.lock. Run 'pod install' or update your CocoaPods installation.\" >&2\n    exit 1\nfi\n# This output is used by Xcode 'outputs' to avoid re-running this script phase.\necho \"SUCCESS\" > \"${SCRIPT_OUTPUT_FILE_0}\"\n";
			showEnvVarsInLog = 0;
		};
/* End PBXShellScriptBuildPhase section */

/* Begin PBXSourcesBuildPhase section */
		BD4082FF2A7244CA0035007D /* Sources */ = {
			isa = PBXSourcesBuildPhase;
			buildActionMask = 2147483647;
			files = (
				BD55D7DD2A8E3E7B00B20B69 /* WaterReminderInteractor.swift in Sources */,
				BD55D7DA2A8E3E7B00B20B69 /* WaterReminderPresenter.swift in Sources */,
				BD55D7DB2A8E3E7B00B20B69 /* WaterReminderRouter.swift in Sources */,
				BD7235562A8F66810021BFFD /* HistoryPresenter.swift in Sources */,
				BD7235372A8F460D0021BFFD /* SettingContract.swift in Sources */,
				BD486DAE2A7799B7000AE648 /* BottleMask.swift in Sources */,
				BD6845422A7A1CBD00394F6F /* UserDetails.swift in Sources */,
				BD55D7932A8DE3BA00B20B69 /* ChooseGenderContract.swift in Sources */,
				BD7235382A8F460D0021BFFD /* SettingPresenter.swift in Sources */,
				BD55D7BB2A8E26E800B20B69 /* WakeUpContract.swift in Sources */,
				BD55D7BF2A8E26E800B20B69 /* WakeUpInteractor.swift in Sources */,
				BDE7218B2A7E099A00BFC3B3 /* WaterReminderVC.swift in Sources */,
				BD55D7A32A8DFAE800B20B69 /* WeightPresenter.swift in Sources */,
				BD40835A2A7264C20035007D /* ButtonExtensions.swift in Sources */,
				BD4083072A7244CA0035007D /* AppDelegate.swift in Sources */,
				BD7235552A8F66810021BFFD /* HistoryContract.swift in Sources */,
				BD1D56E12A7CAFA8000CF6F4 /* DataRecordTableViewCell.swift in Sources */,
				BD55D7832A8DD92A00B20B69 /* OnBoardingContract.swift in Sources */,
				BD9E12FD2A72916100637AEA /* BedVC.swift in Sources */,
				BD7235392A8F460D0021BFFD /* SettingRouter.swift in Sources */,
				BD9E12FF2A72940400637AEA /* HomeVC.swift in Sources */,
				BD55D7A42A8DFAE800B20B69 /* WeightRouter.swift in Sources */,
				BD7235592A8F66810021BFFD /* HistoryInteractor.swift in Sources */,
				BD7235612A8F783B0021BFFD /* UtilityFunctions.swift in Sources */,
				BD7235572A8F66810021BFFD /* HistoryRouter.swift in Sources */,
				BD40835C2A726A1D0035007D /* ChooseGenderVC.swift in Sources */,
				BD9E12FB2A728CA500637AEA /* WakeUpVC.swift in Sources */,
				BD55D7CB2A8E36C600B20B69 /* BedPresenter.swift in Sources */,
				BD0D9AFF2A77D52F008FE0AF /* SettingVC.swift in Sources */,
				BD55D7CC2A8E36C600B20B69 /* BedRouter.swift in Sources */,
				BD0D9AFD2A77D51C008FE0AF /* HistoryVC.swift in Sources */,
				BD9E12F92A7281E900637AEA /* WeightVC.swift in Sources */,
				BD1D56EC2A7CDF3D000CF6F4 /* HeaderTableView.swift in Sources */,
				BD55D7852A8DD92A00B20B69 /* OnBoardingRouter.swift in Sources */,
				BD72351D2A8F23410021BFFD /* HomeContract.swift in Sources */,
				BD72353B2A8F460D0021BFFD /* SettingInteractor.swift in Sources */,
				BD55D7BD2A8E26E800B20B69 /* WakeUpRouter.swift in Sources */,
				B7156C722A72F5A3000A7173 /* WeightPickerVC.swift in Sources */,
				BD55D7D92A8E3E7B00B20B69 /* WaterReminderContract.swift in Sources */,
				BD55D7BC2A8E26E800B20B69 /* WakeUpPresenter.swift in Sources */,
				B7156C7D2A731045000A7173 /* DatabaseClass.swift in Sources */,
				BD40831B2A72484F0035007D /* OnBoardingVC.swift in Sources */,
				BD55D7942A8DE3BA00B20B69 /* ChooseGenderPresenter.swift in Sources */,
				BD72351F2A8F23410021BFFD /* HomeRouter.swift in Sources */,
				BD55D7872A8DD92A00B20B69 /* OnBoardingInteractor.swift in Sources */,
				BD06D9172A850487002366E9 /* Constants.swift in Sources */,
				BD55D7A62A8DFAE800B20B69 /* WeightInteractor.swift in Sources */,
				BD7235212A8F23410021BFFD /* HomeInteractor.swift in Sources */,
				BD55D7A22A8DFAE800B20B69 /* WeightContract.swift in Sources */,
				BD55D7CE2A8E36C600B20B69 /* BedInteractor.swift in Sources */,
				BD55D7842A8DD92A00B20B69 /* OnBoardingPresenter.swift in Sources */,
				BD55D7CA2A8E36C600B20B69 /* BedContract.swift in Sources */,
				BD55D7972A8DE3BA00B20B69 /* ChooseGenderInteractor.swift in Sources */,
				BD55D7952A8DE3BA00B20B69 /* ChooseGenderRouter.swift in Sources */,
				BD72351E2A8F23410021BFFD /* HomePresenter.swift in Sources */,
			);
			runOnlyForDeploymentPostprocessing = 0;
		};
/* End PBXSourcesBuildPhase section */

/* Begin PBXVariantGroup section */
		BD4083112A7244CE0035007D /* LaunchScreen.storyboard */ = {
			isa = PBXVariantGroup;
			children = (
				BD4083122A7244CE0035007D /* Base */,
			);
			name = LaunchScreen.storyboard;
			sourceTree = "<group>";
		};
/* End PBXVariantGroup section */

/* Begin XCBuildConfiguration section */
		BD4083152A7244CE0035007D /* Debug */ = {
			isa = XCBuildConfiguration;
			buildSettings = {
				ALWAYS_SEARCH_USER_PATHS = NO;
				CLANG_ANALYZER_NONNULL = YES;
				CLANG_ANALYZER_NUMBER_OBJECT_CONVERSION = YES_AGGRESSIVE;
				CLANG_CXX_LANGUAGE_STANDARD = "gnu++17";
				CLANG_CXX_LIBRARY = "libc++";
				CLANG_ENABLE_MODULES = YES;
				CLANG_ENABLE_OBJC_ARC = YES;
				CLANG_ENABLE_OBJC_WEAK = YES;
				CLANG_WARN_BLOCK_CAPTURE_AUTORELEASING = YES;
				CLANG_WARN_BOOL_CONVERSION = YES;
				CLANG_WARN_COMMA = YES;
				CLANG_WARN_CONSTANT_CONVERSION = YES;
				CLANG_WARN_DEPRECATED_OBJC_IMPLEMENTATIONS = YES;
				CLANG_WARN_DIRECT_OBJC_ISA_USAGE = YES_ERROR;
				CLANG_WARN_DOCUMENTATION_COMMENTS = YES;
				CLANG_WARN_EMPTY_BODY = YES;
				CLANG_WARN_ENUM_CONVERSION = YES;
				CLANG_WARN_INFINITE_RECURSION = YES;
				CLANG_WARN_INT_CONVERSION = YES;
				CLANG_WARN_NON_LITERAL_NULL_CONVERSION = YES;
				CLANG_WARN_OBJC_IMPLICIT_RETAIN_SELF = YES;
				CLANG_WARN_OBJC_LITERAL_CONVERSION = YES;
				CLANG_WARN_OBJC_ROOT_CLASS = YES_ERROR;
				CLANG_WARN_QUOTED_INCLUDE_IN_FRAMEWORK_HEADER = YES;
				CLANG_WARN_RANGE_LOOP_ANALYSIS = YES;
				CLANG_WARN_STRICT_PROTOTYPES = YES;
				CLANG_WARN_SUSPICIOUS_MOVE = YES;
				CLANG_WARN_UNGUARDED_AVAILABILITY = YES_AGGRESSIVE;
				CLANG_WARN_UNREACHABLE_CODE = YES;
				CLANG_WARN__DUPLICATE_METHOD_MATCH = YES;
				COPY_PHASE_STRIP = NO;
				DEBUG_INFORMATION_FORMAT = dwarf;
				ENABLE_STRICT_OBJC_MSGSEND = YES;
				ENABLE_TESTABILITY = YES;
				GCC_C_LANGUAGE_STANDARD = gnu11;
				GCC_DYNAMIC_NO_PIC = NO;
				GCC_NO_COMMON_BLOCKS = YES;
				GCC_OPTIMIZATION_LEVEL = 0;
				GCC_PREPROCESSOR_DEFINITIONS = (
					"DEBUG=1",
					"$(inherited)",
				);
				GCC_WARN_64_TO_32_BIT_CONVERSION = YES;
				GCC_WARN_ABOUT_RETURN_TYPE = YES_ERROR;
				GCC_WARN_UNDECLARED_SELECTOR = YES;
				GCC_WARN_UNINITIALIZED_AUTOS = YES_AGGRESSIVE;
				GCC_WARN_UNUSED_FUNCTION = YES;
				GCC_WARN_UNUSED_VARIABLE = YES;
				IPHONEOS_DEPLOYMENT_TARGET = 15.2;
				MTL_ENABLE_DEBUG_INFO = INCLUDE_SOURCE;
				MTL_FAST_MATH = YES;
				ONLY_ACTIVE_ARCH = YES;
				SDKROOT = iphoneos;
				SWIFT_ACTIVE_COMPILATION_CONDITIONS = DEBUG;
				SWIFT_OPTIMIZATION_LEVEL = "-Onone";
			};
			name = Debug;
		};
		BD4083162A7244CE0035007D /* Release */ = {
			isa = XCBuildConfiguration;
			buildSettings = {
				ALWAYS_SEARCH_USER_PATHS = NO;
				CLANG_ANALYZER_NONNULL = YES;
				CLANG_ANALYZER_NUMBER_OBJECT_CONVERSION = YES_AGGRESSIVE;
				CLANG_CXX_LANGUAGE_STANDARD = "gnu++17";
				CLANG_CXX_LIBRARY = "libc++";
				CLANG_ENABLE_MODULES = YES;
				CLANG_ENABLE_OBJC_ARC = YES;
				CLANG_ENABLE_OBJC_WEAK = YES;
				CLANG_WARN_BLOCK_CAPTURE_AUTORELEASING = YES;
				CLANG_WARN_BOOL_CONVERSION = YES;
				CLANG_WARN_COMMA = YES;
				CLANG_WARN_CONSTANT_CONVERSION = YES;
				CLANG_WARN_DEPRECATED_OBJC_IMPLEMENTATIONS = YES;
				CLANG_WARN_DIRECT_OBJC_ISA_USAGE = YES_ERROR;
				CLANG_WARN_DOCUMENTATION_COMMENTS = YES;
				CLANG_WARN_EMPTY_BODY = YES;
				CLANG_WARN_ENUM_CONVERSION = YES;
				CLANG_WARN_INFINITE_RECURSION = YES;
				CLANG_WARN_INT_CONVERSION = YES;
				CLANG_WARN_NON_LITERAL_NULL_CONVERSION = YES;
				CLANG_WARN_OBJC_IMPLICIT_RETAIN_SELF = YES;
				CLANG_WARN_OBJC_LITERAL_CONVERSION = YES;
				CLANG_WARN_OBJC_ROOT_CLASS = YES_ERROR;
				CLANG_WARN_QUOTED_INCLUDE_IN_FRAMEWORK_HEADER = YES;
				CLANG_WARN_RANGE_LOOP_ANALYSIS = YES;
				CLANG_WARN_STRICT_PROTOTYPES = YES;
				CLANG_WARN_SUSPICIOUS_MOVE = YES;
				CLANG_WARN_UNGUARDED_AVAILABILITY = YES_AGGRESSIVE;
				CLANG_WARN_UNREACHABLE_CODE = YES;
				CLANG_WARN__DUPLICATE_METHOD_MATCH = YES;
				COPY_PHASE_STRIP = NO;
				DEBUG_INFORMATION_FORMAT = "dwarf-with-dsym";
				ENABLE_NS_ASSERTIONS = NO;
				ENABLE_STRICT_OBJC_MSGSEND = YES;
				GCC_C_LANGUAGE_STANDARD = gnu11;
				GCC_NO_COMMON_BLOCKS = YES;
				GCC_WARN_64_TO_32_BIT_CONVERSION = YES;
				GCC_WARN_ABOUT_RETURN_TYPE = YES_ERROR;
				GCC_WARN_UNDECLARED_SELECTOR = YES;
				GCC_WARN_UNINITIALIZED_AUTOS = YES_AGGRESSIVE;
				GCC_WARN_UNUSED_FUNCTION = YES;
				GCC_WARN_UNUSED_VARIABLE = YES;
				IPHONEOS_DEPLOYMENT_TARGET = 15.2;
				MTL_ENABLE_DEBUG_INFO = NO;
				MTL_FAST_MATH = YES;
				SDKROOT = iphoneos;
				SWIFT_COMPILATION_MODE = wholemodule;
				SWIFT_OPTIMIZATION_LEVEL = "-O";
				VALIDATE_PRODUCT = YES;
			};
			name = Release;
		};
		BD4083182A7244CE0035007D /* Debug */ = {
			isa = XCBuildConfiguration;
			baseConfigurationReference = 50B1188B2C5746DC13FD5B60 /* Pods-WaterReminder.debug.xcconfig */;
			buildSettings = {
				ASSETCATALOG_COMPILER_APPICON_NAME = AppIcon;
				ASSETCATALOG_COMPILER_GLOBAL_ACCENT_COLOR_NAME = AccentColor;
				CODE_SIGN_STYLE = Automatic;
				CURRENT_PROJECT_VERSION = 1;
				GENERATE_INFOPLIST_FILE = YES;
				INFOPLIST_FILE = WaterReminder/Info.plist;
				INFOPLIST_KEY_UIApplicationSupportsIndirectInputEvents = YES;
				INFOPLIST_KEY_UILaunchStoryboardName = LaunchScreen;
				INFOPLIST_KEY_UIMainStoryboardFile = OnBoarding;
				INFOPLIST_KEY_UISupportedInterfaceOrientations_iPad = "UIInterfaceOrientationPortrait UIInterfaceOrientationPortraitUpsideDown UIInterfaceOrientationLandscapeLeft UIInterfaceOrientationLandscapeRight";
				INFOPLIST_KEY_UISupportedInterfaceOrientations_iPhone = "UIInterfaceOrientationPortrait UIInterfaceOrientationLandscapeLeft UIInterfaceOrientationLandscapeRight";
				LD_RUNPATH_SEARCH_PATHS = (
					"$(inherited)",
					"@executable_path/Frameworks",
				);
				MARKETING_VERSION = 1.0;
				PRODUCT_BUNDLE_IDENTIFIER = Prodev.WaterReminder;
				PRODUCT_NAME = "$(TARGET_NAME)";
				SWIFT_EMIT_LOC_STRINGS = YES;
				SWIFT_VERSION = 5.0;
				TARGETED_DEVICE_FAMILY = "1,2";
			};
			name = Debug;
		};
		BD4083192A7244CE0035007D /* Release */ = {
			isa = XCBuildConfiguration;
			baseConfigurationReference = 0C1255777FF620CA6CA5D030 /* Pods-WaterReminder.release.xcconfig */;
			buildSettings = {
				ASSETCATALOG_COMPILER_APPICON_NAME = AppIcon;
				ASSETCATALOG_COMPILER_GLOBAL_ACCENT_COLOR_NAME = AccentColor;
				CODE_SIGN_STYLE = Automatic;
				CURRENT_PROJECT_VERSION = 1;
				GENERATE_INFOPLIST_FILE = YES;
				INFOPLIST_FILE = WaterReminder/Info.plist;
				INFOPLIST_KEY_UIApplicationSupportsIndirectInputEvents = YES;
				INFOPLIST_KEY_UILaunchStoryboardName = LaunchScreen;
				INFOPLIST_KEY_UIMainStoryboardFile = OnBoarding;
				INFOPLIST_KEY_UISupportedInterfaceOrientations_iPad = "UIInterfaceOrientationPortrait UIInterfaceOrientationPortraitUpsideDown UIInterfaceOrientationLandscapeLeft UIInterfaceOrientationLandscapeRight";
				INFOPLIST_KEY_UISupportedInterfaceOrientations_iPhone = "UIInterfaceOrientationPortrait UIInterfaceOrientationLandscapeLeft UIInterfaceOrientationLandscapeRight";
				LD_RUNPATH_SEARCH_PATHS = (
					"$(inherited)",
					"@executable_path/Frameworks",
				);
				MARKETING_VERSION = 1.0;
				PRODUCT_BUNDLE_IDENTIFIER = Prodev.WaterReminder;
				PRODUCT_NAME = "$(TARGET_NAME)";
				SWIFT_EMIT_LOC_STRINGS = YES;
				SWIFT_VERSION = 5.0;
				TARGETED_DEVICE_FAMILY = "1,2";
			};
			name = Release;
		};
/* End XCBuildConfiguration section */

/* Begin XCConfigurationList section */
		BD4082FE2A7244CA0035007D /* Build configuration list for PBXProject "WaterReminder" */ = {
			isa = XCConfigurationList;
			buildConfigurations = (
				BD4083152A7244CE0035007D /* Debug */,
				BD4083162A7244CE0035007D /* Release */,
			);
			defaultConfigurationIsVisible = 0;
			defaultConfigurationName = Release;
		};
		BD4083172A7244CE0035007D /* Build configuration list for PBXNativeTarget "WaterReminder" */ = {
			isa = XCConfigurationList;
			buildConfigurations = (
				BD4083182A7244CE0035007D /* Debug */,
				BD4083192A7244CE0035007D /* Release */,
			);
			defaultConfigurationIsVisible = 0;
			defaultConfigurationName = Release;
		};
/* End XCConfigurationList section */
	};
	rootObject = BD4082FB2A7244CA0035007D /* Project object */;
}
